{
  "name": "@tuan149002/expedita-nisi-ipsum",
  "version": "1.0.0",
  "lockfileVersion": 3,
  "requires": true,
  "packages": {
    "": {
      "name": "@tuan149002/expedita-nisi-ipsum",
      "version": "1.0.0",
      "license": "MIT",
      "dependencies": {
        "@tuan149002/reprehenderit-possimus-esse": "^1.0.0"
      }
    },
    "node_modules/@tuan149002/reprehenderit-possimus-esse": {
      "version": "1.0.0",
      "resolved": "https://registry.npmjs.org/@tuan149002/reprehenderit-possimus-esse/-/reprehenderit-possimus-esse-1.0.0.tgz",
      "integrity": "sha512-RMedM0ZlUKl2wYS13ULIDWR9FOh4tiowA/08PsHZrC+wn8s0djueRYo/jzTqsXhK3WGr1P4qmkC556rR9oyhEA=="
    }
  }
}
